// !$*UTF8*$!
{
	archiveVersion = 1;
	classes = {
	};
	objectVersion = 55;
	objects = {

/* Begin PBXBuildFile section */
		8334F4702757FB5F00D806BA /* AppDelegate.swift in Sources */ = {isa = PBXBuildFile; fileRef = 8334F46F2757FB5F00D806BA /* AppDelegate.swift */; };
		8334F4722757FB5F00D806BA /* SceneDelegate.swift in Sources */ = {isa = PBXBuildFile; fileRef = 8334F4712757FB5F00D806BA /* SceneDelegate.swift */; };
		8334F4742757FB5F00D806BA /* ViewController.swift in Sources */ = {isa = PBXBuildFile; fileRef = 8334F4732757FB5F00D806BA /* ViewController.swift */; };
		8334F4772757FB5F00D806BA /* Main.storyboard in Resources */ = {isa = PBXBuildFile; fileRef = 8334F4752757FB5F00D806BA /* Main.storyboard */; };
		8334F4792757FB6000D806BA /* Assets.xcassets in Resources */ = {isa = PBXBuildFile; fileRef = 8334F4782757FB6000D806BA /* Assets.xcassets */; };
		8334F47C2757FB6000D806BA /* LaunchScreen.storyboard in Resources */ = {isa = PBXBuildFile; fileRef = 8334F47A2757FB6000D806BA /* LaunchScreen.storyboard */; };
		8334F4882757FC6400D806BA /* StaticAnnotation.swift in Sources */ = {isa = PBXBuildFile; fileRef = 8334F4872757FC6400D806BA /* StaticAnnotation.swift */; };
		8334F48A2757FCF100D806BA /* DynamicAnnotation.swift in Sources */ = {isa = PBXBuildFile; fileRef = 8334F4892757FCF000D806BA /* DynamicAnnotation.swift */; };
		8334F48C2757FD1900D806BA /* PointAnnotationSubclass.swift in Sources */ = {isa = PBXBuildFile; fileRef = 8334F48B2757FD1900D806BA /* PointAnnotationSubclass.swift */; };
/* End PBXBuildFile section */

/* Begin PBXFileReference section */
		8334F46C2757FB5F00D806BA /* DynamicAnnotations.app */ = {isa = PBXFileReference; explicitFileType = wrapper.application; includeInIndex = 0; path = DynamicAnnotations.app; sourceTree = BUILT_PRODUCTS_DIR; };
		8334F46F2757FB5F00D806BA /* AppDelegate.swift */ = {isa = PBXFileReference; lastKnownFileType = sourcecode.swift; path = AppDelegate.swift; sourceTree = "<group>"; };
		8334F4712757FB5F00D806BA /* SceneDelegate.swift */ = {isa = PBXFileReference; lastKnownFileType = sourcecode.swift; path = SceneDelegate.swift; sourceTree = "<group>"; };
		8334F4732757FB5F00D806BA /* ViewController.swift */ = {isa = PBXFileReference; lastKnownFileType = sourcecode.swift; path = ViewController.swift; sourceTree = "<group>"; };
		8334F4762757FB5F00D806BA /* Base */ = {isa = PBXFileReference; lastKnownFileType = file.storyboard; name = Base; path = Base.lproj/Main.storyboard; sourceTree = "<group>"; };
		8334F4782757FB6000D806BA /* Assets.xcassets */ = {isa = PBXFileReference; lastKnownFileType = folder.assetcatalog; path = Assets.xcassets; sourceTree = "<group>"; };
		8334F47B2757FB6000D806BA /* Base */ = {isa = PBXFileReference; lastKnownFileType = file.storyboard; name = Base; path = Base.lproj/LaunchScreen.storyboard; sourceTree = "<group>"; };
		8334F47D2757FB6000D806BA /* Info.plist */ = {isa = PBXFileReference; lastKnownFileType = text.plist.xml; path = Info.plist; sourceTree = "<group>"; };
		8334F4872757FC6400D806BA /* StaticAnnotation.swift */ = {isa = PBXFileReference; lastKnownFileType = sourcecode.swift; path = StaticAnnotation.swift; sourceTree = "<group>"; };
		8334F4892757FCF000D806BA /* DynamicAnnotation.swift */ = {isa = PBXFileReference; lastKnownFileType = sourcecode.swift; path = DynamicAnnotation.swift; sourceTree = "<group>"; };
		8334F48B2757FD1900D806BA /* PointAnnotationSubclass.swift */ = {isa = PBXFileReference; lastKnownFileType = sourcecode.swift; path = PointAnnotationSubclass.swift; sourceTree = "<group>"; };
		83A4018E275803A6005450F4 /* README.md */ = {isa = PBXFileReference; lastKnownFileType = net.daringfireball.markdown; path = README.md; sourceTree = "<group>"; };
		83A4018F2758047B005450F4 /* LICENSE.md */ = {isa = PBXFileReference; lastKnownFileType = net.daringfireball.markdown; path = LICENSE.md; sourceTree = "<group>"; };
		83D6972E27580BDC006EDB75 /* result.gif */ = {isa = PBXFileReference; lastKnownFileType = image.gif; path = result.gif; sourceTree = "<group>"; };
/* End PBXFileReference section */

/* Begin PBXFrameworksBuildPhase section */
		8334F4692757FB5F00D806BA /* Frameworks */ = {
			isa = PBXFrameworksBuildPhase;
			buildActionMask = 2147483647;
			files = (
			);
			runOnlyForDeploymentPostprocessing = 0;
		};
/* End PBXFrameworksBuildPhase section */

/* Begin PBXGroup section */
		8334F4632757FB5E00D806BA = {
			isa = PBXGroup;
			children = (
				83A4018E275803A6005450F4 /* README.md */,
				83A4018F2758047B005450F4 /* LICENSE.md */,
				83D6972E27580BDC006EDB75 /* result.gif */,
				8334F46E2757FB5F00D806BA /* DynamicAnnotations */,
				8334F46D2757FB5F00D806BA /* Products */,
			);
			sourceTree = "<group>";
		};
		8334F46D2757FB5F00D806BA /* Products */ = {
			isa = PBXGroup;
			children = (
				8334F46C2757FB5F00D806BA /* DynamicAnnotations.app */,
			);
			name = Products;
			sourceTree = "<group>";
		};
		8334F46E2757FB5F00D806BA /* DynamicAnnotations */ = {
			isa = PBXGroup;
			children = (
				8334F4862757FC3B00D806BA /* Annotations */,
				8334F4832757FC0B00D806BA /* App lifecycle */,
				8334F4852757FC3200D806BA /* View */,
				8334F4842757FC2500D806BA /* Support files */,
			);
			path = DynamicAnnotations;
			sourceTree = "<group>";
		};
		8334F4832757FC0B00D806BA /* App lifecycle */ = {
			isa = PBXGroup;
			children = (
				8334F46F2757FB5F00D806BA /* AppDelegate.swift */,
				8334F4712757FB5F00D806BA /* SceneDelegate.swift */,
			);
			path = "App lifecycle";
			sourceTree = "<group>";
		};
		8334F4842757FC2500D806BA /* Support files */ = {
			isa = PBXGroup;
			children = (
				8334F47D2757FB6000D806BA /* Info.plist */,
				8334F4752757FB5F00D806BA /* Main.storyboard */,
				8334F4782757FB6000D806BA /* Assets.xcassets */,
				8334F47A2757FB6000D806BA /* LaunchScreen.storyboard */,
			);
			path = "Support files";
			sourceTree = "<group>";
		};
		8334F4852757FC3200D806BA /* View */ = {
			isa = PBXGroup;
			children = (
				8334F4732757FB5F00D806BA /* ViewController.swift */,
			);
			path = View;
			sourceTree = "<group>";
		};
		8334F4862757FC3B00D806BA /* Annotations */ = {
			isa = PBXGroup;
			children = (
				8334F4872757FC6400D806BA /* StaticAnnotation.swift */,
				8334F4892757FCF000D806BA /* DynamicAnnotation.swift */,
				8334F48B2757FD1900D806BA /* PointAnnotationSubclass.swift */,
			);
			path = Annotations;
			sourceTree = "<group>";
		};
/* End PBXGroup section */

/* Begin PBXNativeTarget section */
		8334F46B2757FB5F00D806BA /* DynamicAnnotations */ = {
			isa = PBXNativeTarget;
			buildConfigurationList = 8334F4802757FB6000D806BA /* Build configuration list for PBXNativeTarget "DynamicAnnotations" */;
			buildPhases = (
				8334F4682757FB5F00D806BA /* Sources */,
				8334F4692757FB5F00D806BA /* Frameworks */,
				8334F46A2757FB5F00D806BA /* Resources */,
			);
			buildRules = (
			);
			dependencies = (
			);
			name = DynamicAnnotations;
			productName = DynamicAnnotations;
			productReference = 8334F46C2757FB5F00D806BA /* DynamicAnnotations.app */;
			productType = "com.apple.product-type.application";
		};
/* End PBXNativeTarget section */

/* Begin PBXProject section */
		8334F4642757FB5E00D806BA /* Project object */ = {
			isa = PBXProject;
			attributes = {
				BuildIndependentTargetsInParallel = 1;
				LastSwiftUpdateCheck = 1310;
				LastUpgradeCheck = 1310;
				TargetAttributes = {
					8334F46B2757FB5F00D806BA = {
						CreatedOnToolsVersion = 13.1;
					};
				};
			};
			buildConfigurationList = 8334F4672757FB5E00D806BA /* Build configuration list for PBXProject "DynamicAnnotations" */;
			compatibilityVersion = "Xcode 13.0";
			developmentRegion = en;
			hasScannedForEncodings = 0;
			knownRegions = (
				en,
				Base,
			);
			mainGroup = 8334F4632757FB5E00D806BA;
			productRefGroup = 8334F46D2757FB5F00D806BA /* Products */;
			projectDirPath = "";
			projectRoot = "";
			targets = (
				8334F46B2757FB5F00D806BA /* DynamicAnnotations */,
			);
		};
/* End PBXProject section */

/* Begin PBXResourcesBuildPhase section */
		8334F46A2757FB5F00D806BA /* Resources */ = {
			isa = PBXResourcesBuildPhase;
			buildActionMask = 2147483647;
			files = (
				8334F47C2757FB6000D806BA /* LaunchScreen.storyboard in Resources */,
				8334F4792757FB6000D806BA /* Assets.xcassets in Resources */,
				8334F4772757FB5F00D806BA /* Main.storyboard in Resources */,
			);
			runOnlyForDeploymentPostprocessing = 0;
		};
/* End PBXResourcesBuildPhase section */

/* Begin PBXSourcesBuildPhase section */
		8334F4682757FB5F00D806BA /* Sources */ = {
			isa = PBXSourcesBuildPhase;
			buildActionMask = 2147483647;
			files = (
				8334F4882757FC6400D806BA /* StaticAnnotation.swift in Sources */,
				8334F48A2757FCF100D806BA /* DynamicAnnotation.swift in Sources */,
				8334F4742757FB5F00D806BA /* ViewController.swift in Sources */,
				8334F48C2757FD1900D806BA /* PointAnnotationSubclass.swift in Sources */,
				8334F4702757FB5F00D806BA /* AppDelegate.swift in Sources */,
				8334F4722757FB5F00D806BA /* SceneDelegate.swift in Sources */,
			);
			runOnlyForDeploymentPostprocessing = 0;
		};
/* End PBXSourcesBuildPhase section */

/* Begin PBXVariantGroup section */
		8334F4752757FB5F00D806BA /* Main.storyboard */ = {
			isa = PBXVariantGroup;
			children = (
				8334F4762757FB5F00D806BA /* Base */,
			);
			name = Main.storyboard;
			sourceTree = "<group>";
		};
		8334F47A2757FB6000D806BA /* LaunchScreen.storyboard */ = {
			isa = PBXVariantGroup;
			children = (
				8334F47B2757FB6000D806BA /* Base */,
			);
			name = LaunchScreen.storyboard;
			sourceTree = "<group>";
		};
/* End PBXVariantGroup section */

/* Begin XCBuildConfiguration section */
		8334F47E2757FB6000D806BA /* Debug */ = {
			isa = XCBuildConfiguration;
			buildSettings = {
				ALWAYS_SEARCH_USER_PATHS = NO;
				CLANG_ANALYZER_NONNULL = YES;
				CLANG_ANALYZER_NUMBER_OBJECT_CONVERSION = YES_AGGRESSIVE;
				CLANG_CXX_LANGUAGE_STANDARD = "gnu++17";
				CLANG_CXX_LIBRARY = "libc++";
				CLANG_ENABLE_MODULES = YES;
				CLANG_ENABLE_OBJC_ARC = YES;
				CLANG_ENABLE_OBJC_WEAK = YES;
				CLANG_WARN_BLOCK_CAPTURE_AUTORELEASING = YES;
				CLANG_WARN_BOOL_CONVERSION = YES;
				CLANG_WARN_COMMA = YES;
				CLANG_WARN_CONSTANT_CONVERSION = YES;
				CLANG_WARN_DEPRECATED_OBJC_IMPLEMENTATIONS = YES;
				CLANG_WARN_DIRECT_OBJC_ISA_USAGE = YES_ERROR;
				CLANG_WARN_DOCUMENTATION_COMMENTS = YES;
				CLANG_WARN_EMPTY_BODY = YES;
				CLANG_WARN_ENUM_CONVERSION = YES;
				CLANG_WARN_INFINITE_RECURSION = YES;
				CLANG_WARN_INT_CONVERSION = YES;
				CLANG_WARN_NON_LITERAL_NULL_CONVERSION = YES;
				CLANG_WARN_OBJC_IMPLICIT_RETAIN_SELF = YES;
				CLANG_WARN_OBJC_LITERAL_CONVERSION = YES;
				CLANG_WARN_OBJC_ROOT_CLASS = YES_ERROR;
				CLANG_WARN_QUOTED_INCLUDE_IN_FRAMEWORK_HEADER = YES;
				CLANG_WARN_RANGE_LOOP_ANALYSIS = YES;
				CLANG_WARN_STRICT_PROTOTYPES = YES;
				CLANG_WARN_SUSPICIOUS_MOVE = YES;
				CLANG_WARN_UNGUARDED_AVAILABILITY = YES_AGGRESSIVE;
				CLANG_WARN_UNREACHABLE_CODE = YES;
				CLANG_WARN__DUPLICATE_METHOD_MATCH = YES;
				COPY_PHASE_STRIP = NO;
				DEBUG_INFORMATION_FORMAT = dwarf;
				ENABLE_STRICT_OBJC_MSGSEND = YES;
				ENABLE_TESTABILITY = YES;
				GCC_C_LANGUAGE_STANDARD = gnu11;
				GCC_DYNAMIC_NO_PIC = NO;
				GCC_NO_COMMON_BLOCKS = YES;
				GCC_OPTIMIZATION_LEVEL = 0;
				GCC_PREPROCESSOR_DEFINITIONS = (
					"DEBUG=1",
					"$(inherited)",
				);
				GCC_WARN_64_TO_32_BIT_CONVERSION = YES;
				GCC_WARN_ABOUT_RETURN_TYPE = YES_ERROR;
				GCC_WARN_UNDECLARED_SELECTOR = YES;
				GCC_WARN_UNINITIALIZED_AUTOS = YES_AGGRESSIVE;
				GCC_WARN_UNUSED_FUNCTION = YES;
				GCC_WARN_UNUSED_VARIABLE = YES;
				IPHONEOS_DEPLOYMENT_TARGET = 15.0;
				MTL_ENABLE_DEBUG_INFO = INCLUDE_SOURCE;
				MTL_FAST_MATH = YES;
				ONLY_ACTIVE_ARCH = YES;
				SDKROOT = iphoneos;
				SWIFT_ACTIVE_COMPILATION_CONDITIONS = DEBUG;
				SWIFT_OPTIMIZATION_LEVEL = "-Onone";
			};
			name = Debug;
		};
		8334F47F2757FB6000D806BA /* Release */ = {
			isa = XCBuildConfiguration;
			buildSettings = {
				ALWAYS_SEARCH_USER_PATHS = NO;
				CLANG_ANALYZER_NONNULL = YES;
				CLANG_ANALYZER_NUMBER_OBJECT_CONVERSION = YES_AGGRESSIVE;
				CLANG_CXX_LANGUAGE_STANDARD = "gnu++17";
				CLANG_CXX_LIBRARY = "libc++";
				CLANG_ENABLE_MODULES = YES;
				CLANG_ENABLE_OBJC_ARC = YES;
				CLANG_ENABLE_OBJC_WEAK = YES;
				CLANG_WARN_BLOCK_CAPTURE_AUTORELEASING = YES;
				CLANG_WARN_BOOL_CONVERSION = YES;
				CLANG_WARN_COMMA = YES;
				CLANG_WARN_CONSTANT_CONVERSION = YES;
				CLANG_WARN_DEPRECATED_OBJC_IMPLEMENTATIONS = YES;
				CLANG_WARN_DIRECT_OBJC_ISA_USAGE = YES_ERROR;
				CLANG_WARN_DOCUMENTATION_COMMENTS = YES;
				CLANG_WARN_EMPTY_BODY = YES;
				CLANG_WARN_ENUM_CONVERSION = YES;
				CLANG_WARN_INFINITE_RECURSION = YES;
				CLANG_WARN_INT_CONVERSION = YES;
				CLANG_WARN_NON_LITERAL_NULL_CONVERSION = YES;
				CLANG_WARN_OBJC_IMPLICIT_RETAIN_SELF = YES;
				CLANG_WARN_OBJC_LITERAL_CONVERSION = YES;
				CLANG_WARN_OBJC_ROOT_CLASS = YES_ERROR;
				CLANG_WARN_QUOTED_INCLUDE_IN_FRAMEWORK_HEADER = YES;
				CLANG_WARN_RANGE_LOOP_ANALYSIS = YES;
				CLANG_WARN_STRICT_PROTOTYPES = YES;
				CLANG_WARN_SUSPICIOUS_MOVE = YES;
				CLANG_WARN_UNGUARDED_AVAILABILITY = YES_AGGRESSIVE;
				CLANG_WARN_UNREACHABLE_CODE = YES;
				CLANG_WARN__DUPLICATE_METHOD_MATCH = YES;
				COPY_PHASE_STRIP = NO;
				DEBUG_INFORMATION_FORMAT = "dwarf-with-dsym";
				ENABLE_NS_ASSERTIONS = NO;
				ENABLE_STRICT_OBJC_MSGSEND = YES;
				GCC_C_LANGUAGE_STANDARD = gnu11;
				GCC_NO_COMMON_BLOCKS = YES;
				GCC_WARN_64_TO_32_BIT_CONVERSION = YES;
				GCC_WARN_ABOUT_RETURN_TYPE = YES_ERROR;
				GCC_WARN_UNDECLARED_SELECTOR = YES;
				GCC_WARN_UNINITIALIZED_AUTOS = YES_AGGRESSIVE;
				GCC_WARN_UNUSED_FUNCTION = YES;
				GCC_WARN_UNUSED_VARIABLE = YES;
				IPHONEOS_DEPLOYMENT_TARGET = 15.0;
				MTL_ENABLE_DEBUG_INFO = NO;
				MTL_FAST_MATH = YES;
				SDKROOT = iphoneos;
				SWIFT_COMPILATION_MODE = wholemodule;
				SWIFT_OPTIMIZATION_LEVEL = "-O";
				VALIDATE_PRODUCT = YES;
			};
			name = Release;
		};
		8334F4812757FB6000D806BA /* Debug */ = {
			isa = XCBuildConfiguration;
			buildSettings = {
				ASSETCATALOG_COMPILER_APPICON_NAME = AppIcon;
				ASSETCATALOG_COMPILER_GLOBAL_ACCENT_COLOR_NAME = AccentColor;
				CODE_SIGN_STYLE = Automatic;
				CURRENT_PROJECT_VERSION = 1;
				DEVELOPMENT_TEAM = UZAPXQTVQ4;
				GENERATE_INFOPLIST_FILE = YES;
				INFOPLIST_FILE = "DynamicAnnotations/Support Files/Info.plist";
				INFOPLIST_KEY_UIApplicationSupportsIndirectInputEvents = YES;
				INFOPLIST_KEY_UILaunchStoryboardName = LaunchScreen;
				INFOPLIST_KEY_UIMainStoryboardFile = Main;
				INFOPLIST_KEY_UISupportedInterfaceOrientations_iPad = "UIInterfaceOrientationPortrait UIInterfaceOrientationPortraitUpsideDown UIInterfaceOrientationLandscapeLeft UIInterfaceOrientationLandscapeRight";
				INFOPLIST_KEY_UISupportedInterfaceOrientations_iPhone = "UIInterfaceOrientationPortrait UIInterfaceOrientationLandscapeLeft UIInterfaceOrientationLandscapeRight";
				LD_RUNPATH_SEARCH_PATHS = (
					"$(inherited)",
					"@executable_path/Frameworks",
				);
				MARKETING_VERSION = 1.0;
				PRODUCT_BUNDLE_IDENTIFIER = com.robertmryan.DynamicAnnotations;
				PRODUCT_NAME = "$(TARGET_NAME)";
				SWIFT_EMIT_LOC_STRINGS = YES;
				SWIFT_VERSION = 5.0;
				TARGETED_DEVICE_FAMILY = "1,2";
			};
			name = Debug;
		};
		8334F4822757FB6000D806BA /* Release */ = {
			isa = XCBuildConfiguration;
			buildSettings = {
				ASSETCATALOG_COMPILER_APPICON_NAME = AppIcon;
				ASSETCATALOG_COMPILER_GLOBAL_ACCENT_COLOR_NAME = AccentColor;
				CODE_SIGN_STYLE = Automatic;
				CURRENT_PROJECT_VERSION = 1;
				DEVELOPMENT_TEAM = UZAPXQTVQ4;
				GENERATE_INFOPLIST_FILE = YES;
				INFOPLIST_FILE = "DynamicAnnotations/Support Files/Info.plist";
				INFOPLIST_KEY_UIApplicationSupportsIndirectInputEvents = YES;
				INFOPLIST_KEY_UILaunchStoryboardName = LaunchScreen;
				INFOPLIST_KEY_UIMainStoryboardFile = Main;
				INFOPLIST_KEY_UISupportedInterfaceOrientations_iPad = "UIInterfaceOrientationPortrait UIInterfaceOrientationPortraitUpsideDown UIInterfaceOrientationLandscapeLeft UIInterfaceOrientationLandscapeRight";
				INFOPLIST_KEY_UISupportedInterfaceOrientations_iPhone = "UIInterfaceOrientationPortrait UIInterfaceOrientationLandscapeLeft UIInterfaceOrientationLandscapeRight";
				LD_RUNPATH_SEARCH_PATHS = (
					"$(inherited)",
					"@executable_path/Frameworks",
				);
				MARKETING_VERSION = 1.0;
				PRODUCT_BUNDLE_IDENTIFIER = com.robertmryan.DynamicAnnotations;
				PRODUCT_NAME = "$(TARGET_NAME)";
				SWIFT_EMIT_LOC_STRINGS = YES;
				SWIFT_VERSION = 5.0;
				TARGETED_DEVICE_FAMILY = "1,2";
			};
			name = Release;
		};
/* End XCBuildConfiguration section */

/* Begin XCConfigurationList section */
		8334F4672757FB5E00D806BA /* Build configuration list for PBXProject "DynamicAnnotations" */ = {
			isa = XCConfigurationList;
			buildConfigurations = (
				8334F47E2757FB6000D806BA /* Debug */,
				8334F47F2757FB6000D806BA /* Release */,
			);
			defaultConfigurationIsVisible = 0;
			defaultConfigurationName = Release;
		};
		8334F4802757FB6000D806BA /* Build configuration list for PBXNativeTarget "DynamicAnnotations" */ = {
			isa = XCConfigurationList;
			buildConfigurations = (
				8334F4812757FB6000D806BA /* Debug */,
				8334F4822757FB6000D806BA /* Release */,
			);
			defaultConfigurationIsVisible = 0;
			defaultConfigurationName = Release;
		};
/* End XCConfigurationList section */
	};
	rootObject = 8334F4642757FB5E00D806BA /* Project object */;
}
